
Microsoft Visual Studio Solution File, Format Version 12.00
# Visual Studio Version 16
VisualStudioVersion = 16.0.32228.343
MinimumVisualStudioVersion = 10.0.40219.1
Project("{FAE04EC0-301F-11D3-BF4B-00C04F79EFBC}") = "SpaceShooter", "SpaceShooter\SpaceShooter.csproj", "{C7E6EF9C-BA9F-4F4E-9D48-0DF6758AFA33}"
EndProject
Global
	GlobalSection(SolutionConfigurationPlatforms) = preSolution
		Debug|Any CPU = Debug|Any CPU
		Release|Any CPU = Release|Any CPU
	EndGlobalSection
	GlobalSection(ProjectConfigurationPlatforms) = postSolution
		{C7E6EF9C-BA9F-4F4E-9D48-0DF6758AFA33}.Debug|Any CPU.ActiveCfg = Debug|Any CPU
		{C7E6EF9C-BA9F-4F4E-9D48-0DF6758AFA33}.Debug|Any CPU.Build.0 = Debug|Any CPU
		{C7E6EF9C-BA9F-4F4E-9D48-0DF6758AFA33}.Release|Any CPU.ActiveCfg = Release|Any CPU
		{C7E6EF9C-BA9F-4F4E-9D48-0DF6758AFA33}.Release|Any CPU.Build.0 = Release|Any CPU
	EndGlobalSection
	GlobalSection(SolutionProperties) = preSolution
		HideSolutionNode = FALSE
	EndGlobalSection
	GlobalSection(ExtensibilityGlobals) = postSolution
		SolutionGuid = {749D6D68-9A3A-4ECD-9D22-9F9EF5A80E1F}
	EndGlobalSection
EndGlobal
